<?xml version="1.0" encoding="utf-8"?>
<Project ToolsVersion="4.0" xmlns="http://schemas.microsoft.com/developer/msbuild/2003">
  <ItemGroup>
    <Filter Include="Source Files">
      <UniqueIdentifier>{4FC737F1-C7A5-4376-A066-2A32D752A2FF}</UniqueIdentifier>
      <Extensions>cpp;c;cc;cxx;c++;cppm;ixx;def;odl;idl;hpj;bat;asm;asmx</Extensions>
    </Filter>
    <Filter Include="Header Files">
      <UniqueIdentifier>{93995380-89BD-4b04-88EB-625FBE52EBFB}</UniqueIdentifier>
      <Extensions>h;hh;hpp;hxx;h++;hm;inl;inc;ipp;xsd</Extensions>
    </Filter>
    <Filter Include="Resource Files">
      <UniqueIdentifier>{67DA6AB6-F800-4c08-8B7A-83BB121AAD01}</UniqueIdentifier>
      <Extensions>rc;ico;cur;bmp;dlg;rc2;rct;bin;rgs;gif;jpg;jpeg;jpe;resx;tiff;tif;png;wav;mfcribbon-ms</Extensions>
    </Filter>
  </ItemGroup>
  <ItemGroup>
    <ClCompile Include="main.cc">
      <Filter>Source Files</Filter>
    </ClCompile>
    <ClCompile Include="src\game.cc">
      <Filter>Source Files</Filter>
    </ClCompile>
    <ClCompile Include="src\renderer\shader.cc">
      <Filter>Source Files</Filter>
    </ClCompile>
    <ClCompile Include="src\renderer\framebuffer.cc">
      <Filter>Source Files</Filter>
    </ClCompile>
    <ClCompile Include="src\renderer\camera.cc">
      <Filter>Source Files</Filter>
    </ClCompile>
    <ClCompile Include="src\ecs\ecs_component.cc">
      <Filter>Source Files</Filter>
    </ClCompile>
    <ClCompile Include="src\ecs\ecs.cc">
      <Filter>Source Files</Filter>
    </ClCompile>
    <ClCompile Include="src\ecs\ecs_system.cc">
      <Filter>Source Files</Filter>
    </ClCompile>
    <ClCompile Include="src\renderer\mesh.cc">
      <Filter>Source Files</Filter>
    </ClCompile>
    <ClCompile Include="src\physics\quickhull.cc">
      <Filter>Source Files</Filter>
    </ClCompile>
    <ClCompile Include="src\renderer\skinned_mesh.cc">
      <Filter>Source Files</Filter>
    </ClCompile>
  </ItemGroup>
  <ItemGroup>
    <ClInclude Include="src\libs.hh">
      <Filter>Header Files</Filter>
    </ClInclude>
    <ClInclude Include="src\renderer\shader.hh">
      <Filter>Header Files</Filter>
    </ClInclude>
    <ClInclude Include="src\renderer\texture.hh">
      <Filter>Header Files</Filter>
    </ClInclude>
    <ClInclude Include="src\renderer\material.hh">
      <Filter>Header Files</Filter>
    </ClInclude>
    <ClInclude Include="src\renderer\mesh.hh">
      <Filter>Header Files</Filter>
    </ClInclude>
    <ClInclude Include="src\renderer\primitives.hh">
      <Filter>Header Files</Filter>
    </ClInclude>
    <ClInclude Include="src\game.hh">
      <Filter>Header Files</Filter>
    </ClInclude>
    <ClInclude Include="src\renderer\camera.hh">
      <Filter>Header Files</Filter>
    </ClInclude>
    <ClInclude Include="src\math\math_etc.hh">
      <Filter>Header Files</Filter>
    </ClInclude>
    <ClInclude Include="src\renderer\model.hh">
      <Filter>Header Files</Filter>
    </ClInclude>
    <ClInclude Include="src\util\obj_importer.hh">
      <Filter>Header Files</Filter>
    </ClInclude>
    <ClInclude Include="src\renderer\light.hh">
      <Filter>Header Files</Filter>
    </ClInclude>
    <ClInclude Include="src\renderer\framebuffer.hh">
      <Filter>Header Files</Filter>
    </ClInclude>
    <ClInclude Include="src\ecs\ecs_component.hh">
      <Filter>Header Files</Filter>
    </ClInclude>
    <ClInclude Include="src\ecs\ecs_system.hh">
      <Filter>Header Files</Filter>
    </ClInclude>
    <ClInclude Include="src\ecs\ecs.hh">
      <Filter>Header Files</Filter>
    </ClInclude>
    <ClInclude Include="src\renderer\vertex.hh">
      <Filter>Header Files</Filter>
    </ClInclude>
    <ClInclude Include="src\renderer\transform.hh">
      <Filter>Header Files</Filter>
    </ClInclude>
    <ClInclude Include="src\input_control.hh">
      <Filter>Header Files</Filter>
    </ClInclude>
    <ClInclude Include="src\common.hh">
      <Filter>Header Files</Filter>
    </ClInclude>
    <ClInclude Include="src\sound\dr_wav.h">
      <Filter>Header Files</Filter>
    </ClInclude>
    <ClInclude Include="src\physics\quickhull.hh">
      <Filter>Header Files</Filter>
    </ClInclude>
    <ClInclude Include="src\math\math_linalg.hh">
      <Filter>Header Files</Filter>
    </ClInclude>
    <ClInclude Include="src\renderer\skinned_mesh.hh">
      <Filter>Header Files</Filter>
    </ClInclude>
    <ClInclude Include="src\math\math_datastruc.hh">
      <Filter>Header Files</Filter>
    </ClInclude>
    <ClInclude Include="src\math\math_quat.hh">
      <Filter>Header Files</Filter>
    </ClInclude>
    <ClInclude Include="src\renderer\skeletal_animation.hh">
      <Filter>Header Files</Filter>
    </ClInclude>
    <ClInclude Include="src\util\md5_importer.hh">
      <Filter>Header Files</Filter>
    </ClInclude>
    <ClInclude Include="src\math\math_bit.hh">
      <Filter>Header Files</Filter>
    </ClInclude>
  </ItemGroup>
  <ItemGroup>
    <None Include="glew32.dll" />
    <None Include="glfw3.dll" />
    <None Include="res\shaders\core.frag" />
    <None Include="res\shaders\core.vert" />
    <None Include="res\shaders\shadow.vert" />
    <None Include="res\shaders\shadow.frag" />
    <None Include="res\shaders\framebuffer.vert" />
    <None Include="res\shaders\framebuffer.frag" />
    <None Include="OpenAL32.dll" />
    <None Include="res\shaders\debug\normals.vert" />
    <None Include="res\shaders\debug\normals.geom" />
    <None Include="res\shaders\debug\normals.frag" />
  </ItemGroup>
  <ItemGroup>
    <ResourceCompile Include="resource.rc">
      <Filter>Resource Files</Filter>
    </ResourceCompile>
  </ItemGroup>
</Project>